
Microsoft Visual Studio Solution File, Format Version 12.00
# Visual Studio Version 17
VisualStudioVersion = 17.12.35209.166
MinimumVisualStudioVersion = 10.0.40219.1
Project("{888888A0-9F3D-457C-B088-3A5042F75D52}") = "TARgv24_Pohikonstuktsioonid", "TARgv24_Pohikonstuktsioonid.pyproj", "{619CEE1E-AD0B-414E-8A14-586AE573A5E3}"
EndProject
Global
	GlobalSection(SolutionConfigurationPlatforms) = preSolution
		Debug|Any CPU = Debug|Any CPU
		Release|Any CPU = Release|Any CPU
	EndGlobalSection
	GlobalSection(ProjectConfigurationPlatforms) = postSolution
		{619CEE1E-AD0B-414E-8A14-586AE573A5E3}.Debug|Any CPU.ActiveCfg = Debug|Any CPU
		{619CEE1E-AD0B-414E-8A14-586AE573A5E3}.Release|Any CPU.ActiveCfg = Release|Any CPU
	EndGlobalSection
	GlobalSection(SolutionProperties) = preSolution
		HideSolutionNode = FALSE
	EndGlobalSection
	GlobalSection(ExtensibilityGlobals) = postSolution
		SolutionGuid = {8FD90271-A3ED-42C0-947F-552A2AABAE5E}
	EndGlobalSection
EndGlobal
